
Microsoft Visual Studio Solution File, Format Version 12.00
# Visual Studio Version 17
VisualStudioVersion = 17.1.32210.238
MinimumVisualStudioVersion = 10.0.40219.1
Project("{FAE04EC0-301F-11D3-BF4B-00C04F79EFBC}") = "LawOffice", "LawOffice\LawOffice.csproj", "{AB25B672-737C-41A3-AC39-C7DA3EA670ED}"
EndProject
Project("{FAE04EC0-301F-11D3-BF4B-00C04F79EFBC}") = "LawOffice.Infrastructure", "LawOffice.Infrastructure\LawOffice.Infrastructure.csproj", "{125A5A4E-DF79-4F6F-B63B-3BD564E6907A}"
EndProject
Project("{FAE04EC0-301F-11D3-BF4B-00C04F79EFBC}") = "LawOffice.Core", "LawOffice.Core\LawOffice.Core.csproj", "{40BACDDB-327F-4629-B2EB-74B94F0B6D8B}"
EndProject
Global
	GlobalSection(SolutionConfigurationPlatforms) = preSolution
		Debug|Any CPU = Debug|Any CPU
		Release|Any CPU = Release|Any CPU
	EndGlobalSection
	GlobalSection(ProjectConfigurationPlatforms) = postSolution
		{AB25B672-737C-41A3-AC39-C7DA3EA670ED}.Debug|Any CPU.ActiveCfg = Debug|Any CPU
		{AB25B672-737C-41A3-AC39-C7DA3EA670ED}.Debug|Any CPU.Build.0 = Debug|Any CPU
		{AB25B672-737C-41A3-AC39-C7DA3EA670ED}.Release|Any CPU.ActiveCfg = Release|Any CPU
		{AB25B672-737C-41A3-AC39-C7DA3EA670ED}.Release|Any CPU.Build.0 = Release|Any CPU
		{125A5A4E-DF79-4F6F-B63B-3BD564E6907A}.Debug|Any CPU.ActiveCfg = Debug|Any CPU
		{125A5A4E-DF79-4F6F-B63B-3BD564E6907A}.Debug|Any CPU.Build.0 = Debug|Any CPU
		{125A5A4E-DF79-4F6F-B63B-3BD564E6907A}.Release|Any CPU.ActiveCfg = Release|Any CPU
		{125A5A4E-DF79-4F6F-B63B-3BD564E6907A}.Release|Any CPU.Build.0 = Release|Any CPU
		{40BACDDB-327F-4629-B2EB-74B94F0B6D8B}.Debug|Any CPU.ActiveCfg = Debug|Any CPU
		{40BACDDB-327F-4629-B2EB-74B94F0B6D8B}.Debug|Any CPU.Build.0 = Debug|Any CPU
		{40BACDDB-327F-4629-B2EB-74B94F0B6D8B}.Release|Any CPU.ActiveCfg = Release|Any CPU
		{40BACDDB-327F-4629-B2EB-74B94F0B6D8B}.Release|Any CPU.Build.0 = Release|Any CPU
	EndGlobalSection
	GlobalSection(SolutionProperties) = preSolution
		HideSolutionNode = FALSE
	EndGlobalSection
	GlobalSection(ExtensibilityGlobals) = postSolution
		SolutionGuid = {42E296C9-B8D5-4A84-A1C7-5CCF34DE3107}
	EndGlobalSection
EndGlobal
